<?xml version="1.0" encoding="utf-8"?>
<Project DefaultTargets="Build" ToolsVersion="3.5" xmlns="http://schemas.microsoft.com/developer/msbuild/2003">
  <PropertyGroup>
    <Configuration Condition=" '$(Configuration)' == '' ">Debug</Configuration>
    <Platform Condition=" '$(Platform)' == '' ">AnyCPU</Platform>
    <ProductVersion>9.0.21022</ProductVersion>
    <SchemaVersion>2.0</SchemaVersion>
    <ProjectGuid>{7786F841-2DC6-4680-A20B-7433B81C2B6F}</ProjectGuid>
    <Target>Executable</Target>
    <IncrementalLinking>true</IncrementalLinking>
    <UseDefaultCompiler>true</UseDefaultCompiler>
    <PreferOneStepBuild>true</PreferOneStepBuild>
    <Compiler>DMD</Compiler>
    <Includes>
      <Includes>
        <Path>/home/robert/projects/deimos-fuse</Path>
      </Includes>
    </Includes>
  </PropertyGroup>
  <PropertyGroup Condition=" '$(Configuration)|$(Platform)' == 'Debug|AnyCPU' ">
    <DebugSymbols>true</DebugSymbols>
    <OutputPath>bin\Debug</OutputPath>
    <ObjectsDirectory>obj/Debug</ObjectsDirectory>
    <OutputName>deimos-fuse</OutputName>
  </PropertyGroup>
  <PropertyGroup Condition=" '$(Configuration)|$(Platform)' == 'Release|AnyCPU' ">
    <OutputPath>bin\Release</OutputPath>
    <ObjectsDirectory>obj/Release</ObjectsDirectory>
    <OutputName>deimos-fuse</OutputName>
  </PropertyGroup>
  <PropertyGroup Condition=" '$(Configuration)|$(Platform)' == 'Unittest|AnyCPU' ">
    <DebugSymbols>true</DebugSymbols>
    <OutputPath>bin\Unittest</OutputPath>
    <ObjectsDirectory>obj/Unittest</ObjectsDirectory>
    <ExtraCompilerArguments>-unittest </ExtraCompilerArguments>
    <OutputName>deimos-fuse</OutputName>
    <CustomCommands>
      <CustomCommands>
        <Command type="BeforeBuild" command="make" workingdir="${ProjectDir}" />
      </CustomCommands>
    </CustomCommands>
  </PropertyGroup>
  <ItemGroup>
    <Compile Include="fuse\c_defs.d" />
    <Compile Include="fuse\fuse.d" />
    <Compile Include="fuse\fuse_impl.d" />
    <Compile Include="fuse\util.d" />
    <Compile Include="examples\hello.d" />
    <Compile Include="c\errno.d" />
    <Compile Include="c\errno_linux.d" />
    <Compile Include="c\sys\wordsize.d" />
    <Compile Include="c\sys\stat.d" />
    <Compile Include="c\sys\statvfs.d" />
    <Compile Include="fuse\struct_checks.c" />
    <Compile Include="c\sys\fcntl.d" />
  </ItemGroup>
</Project>